
Microsoft Visual Studio Solution File, Format Version 12.00
Project("{FAE04EC0-301F-11D3-BF4B-00C04F79EFBC}") = "DevicesAPI", "DevicesAPI\DevicesAPI.csproj", "{6F531DC4-4054-438E-8971-395D9EE70B8A}"
EndProject
Global
	GlobalSection(SolutionConfigurationPlatforms) = preSolution
		Debug|Any CPU = Debug|Any CPU
		Release|Any CPU = Release|Any CPU
	EndGlobalSection
	GlobalSection(ProjectConfigurationPlatforms) = postSolution
		{6F531DC4-4054-438E-8971-395D9EE70B8A}.Debug|Any CPU.ActiveCfg = Debug|Any CPU
		{6F531DC4-4054-438E-8971-395D9EE70B8A}.Debug|Any CPU.Build.0 = Debug|Any CPU
		{6F531DC4-4054-438E-8971-395D9EE70B8A}.Release|Any CPU.ActiveCfg = Release|Any CPU
		{6F531DC4-4054-438E-8971-395D9EE70B8A}.Release|Any CPU.Build.0 = Release|Any CPU
	EndGlobalSection
EndGlobal
